
Microsoft Visual Studio Solution File, Format Version 12.00
# Visual Studio Version 16
VisualStudioVersion = 16.0.29123.88
MinimumVisualStudioVersion = 10.0.40219.1
Project("{FAE04EC0-301F-11D3-BF4B-00C04F79EFBC}") = "DvNET Math Pro", "DvNET Math Pro.csproj", "{2614A04D-7E93-4827-80C9-D0019FB42CB8}"
EndProject
Project("{FAE04EC0-301F-11D3-BF4B-00C04F79EFBC}") = "DvNET.Math.Core", "DvNET MATH PRO - Core Lib\DvNET.Math.Core.csproj", "{78FE8948-2416-4BCC-B1F0-9F59C279396E}"
EndProject
Global
	GlobalSection(SolutionConfigurationPlatforms) = preSolution
		Debug|Any CPU = Debug|Any CPU
		Release|Any CPU = Release|Any CPU
	EndGlobalSection
	GlobalSection(ProjectConfigurationPlatforms) = postSolution
		{2614A04D-7E93-4827-80C9-D0019FB42CB8}.Debug|Any CPU.ActiveCfg = Debug|Any CPU
		{2614A04D-7E93-4827-80C9-D0019FB42CB8}.Debug|Any CPU.Build.0 = Debug|Any CPU
		{2614A04D-7E93-4827-80C9-D0019FB42CB8}.Release|Any CPU.ActiveCfg = Release|Any CPU
		{2614A04D-7E93-4827-80C9-D0019FB42CB8}.Release|Any CPU.Build.0 = Release|Any CPU
		{78FE8948-2416-4BCC-B1F0-9F59C279396E}.Debug|Any CPU.ActiveCfg = Debug|Any CPU
		{78FE8948-2416-4BCC-B1F0-9F59C279396E}.Debug|Any CPU.Build.0 = Debug|Any CPU
		{78FE8948-2416-4BCC-B1F0-9F59C279396E}.Release|Any CPU.ActiveCfg = Release|Any CPU
		{78FE8948-2416-4BCC-B1F0-9F59C279396E}.Release|Any CPU.Build.0 = Release|Any CPU
	EndGlobalSection
	GlobalSection(SolutionProperties) = preSolution
		HideSolutionNode = FALSE
	EndGlobalSection
	GlobalSection(ExtensibilityGlobals) = postSolution
		SolutionGuid = {E7FE8CAC-4577-4777-B138-08D3F62545E5}
	EndGlobalSection
EndGlobal
